github.com/evolbioinf/clio v0.0.0-20230620105705-02d07225d27e h1:csibfpCOoKLYtIsw2czC46Vz+I3vMc6TSc4IraeKGH8=
github.com/evolbioinf/clio v0.0.0-20230620105705-02d07225d27e/go.mod h1:Jh4QPiChVHZHe7fwj+xcSs6kUcQbQVzsd/ht3PIoaaU=
github.com/evolbioinf/neighbors v0.0.0-20250405112112-ea77c524405a h1:CcQSzaQguOiZfyp1yWD4N/cBdz5i8amqkqLMGoauwvs=
github.com/evolbioinf/neighbors v0.0.0-20250405112112-ea77c524405a/go.mod h1:tkx8ax/AluGLO6myG1IMYykVmCv434TvvOpi9oO3I2M=
github.com/mattn/go-sqlite3 v1.14.18 h1:JL0eqdCOq6DJVNPSvArO/bIV9/P7fbGrV00LZHc+5aI=
github.com/mattn/go-sqlite3 v1.14.18/go.mod h1:2eHXhiwb8IkHr+BDWZGa96P6+rkvnG63S2DGjv9HUNg=
