github.com/dustin/go-humanize v1.0.1 h1:GzkhY7T5VNhEkwH0PVJgjz+fX1rhBrR7pRT3mDkpeCY=
github.com/dustin/go-humanize v1.0.1/go.mod h1:Mu1zIs6XwVuF/gI1OepvI0qD18qycQx+mFykh5fBlto=
github.com/evolbioinf/clio v0.0.0-20230620105705-02d07225d27e h1:csibfpCOoKLYtIsw2czC46Vz+I3vMc6TSc4IraeKGH8=
github.com/evolbioinf/clio v0.0.0-20230620105705-02d07225d27e/go.mod h1:Jh4QPiChVHZHe7fwj+xcSs6kUcQbQVzsd/ht3PIoaaU=
github.com/evolbioinf/neighbors v0.0.0-20250530084841-287706c6a60c h1:eTrQKy4GnoFk2Q5tZ+dLvuybCELdQORpymGNUiOTN4I=
github.com/evolbioinf/neighbors v0.0.0-20250530084841-287706c6a60c/go.mod h1:tkx8ax/AluGLO6myG1IMYykVmCv434TvvOpi9oO3I2M=
github.com/evolbioinf/neighbors v0.0.0-20250531100248-f9687aed3900 h1:yr5C7emlcBP3hCpHeCyPvKtIm6FuRBPKkb2Z5sgZxDw=
github.com/evolbioinf/neighbors v0.0.0-20250531100248-f9687aed3900/go.mod h1:tkx8ax/AluGLO6myG1IMYykVmCv434TvvOpi9oO3I2M=
github.com/evolbioinf/neighbors v0.0.0-20250609100000-8f98386dc13e h1:lTiVgZsmAvBADLmff7EMFe586uUBLuHGM1yW80IGQYA=
github.com/evolbioinf/neighbors v0.0.0-20250609100000-8f98386dc13e/go.mod h1:tkx8ax/AluGLO6myG1IMYykVmCv434TvvOpi9oO3I2M=
github.com/mattn/go-sqlite3 v1.14.18 h1:JL0eqdCOq6DJVNPSvArO/bIV9/P7fbGrV00LZHc+5aI=
github.com/mattn/go-sqlite3 v1.14.18/go.mod h1:2eHXhiwb8IkHr+BDWZGa96P6+rkvnG63S2DGjv9HUNg=
